{
    "name": "sqlite-snap",
    "version": "1.0.0",
    "lockfileVersion": 3,
    "requires": true,
    "packages": {
        "": {
            "name": "sqlite-snap",
            "version": "1.0.0",
            "license": "MIT",
            "bin": {
                "sqlite-backup": "bin/cli.js"
            },
            "devDependencies": {},
            "engines": {
                "node": ">=16.0.0"
            }
        }
    }
}
